
Microsoft Visual Studio Solution File, Format Version 12.00
# Visual Studio Version 16
VisualStudioVersion = 16.6.30114.105
MinimumVisualStudioVersion = 10.0.40219.1
Project("{FAE04EC0-301F-11D3-BF4B-00C04F79EFBC}") = "API", "API\API.csproj", "{A8B12307-6E42-471F-9B42-D11DFE79FF5B}"
EndProject
Project("{FAE04EC0-301F-11D3-BF4B-00C04F79EFBC}") = "UnitTest", "UnitTest\UnitTest.csproj", "{B7970F28-B3F3-4F94-89E1-69EB6731C672}"
EndProject
Project("{FAE04EC0-301F-11D3-BF4B-00C04F79EFBC}") = "DAL", "DAL\DAL.csproj", "{FC8E39A6-74C9-4211-B86B-6D83531CAC5D}"
EndProject
Global
	GlobalSection(SolutionConfigurationPlatforms) = preSolution
		Debug|Any CPU = Debug|Any CPU
		Debug|x64 = Debug|x64
		Debug|x86 = Debug|x86
		Release|Any CPU = Release|Any CPU
		Release|x64 = Release|x64
		Release|x86 = Release|x86
	EndGlobalSection
	GlobalSection(SolutionProperties) = preSolution
		HideSolutionNode = FALSE
	EndGlobalSection
	GlobalSection(ProjectConfigurationPlatforms) = postSolution
		{A8B12307-6E42-471F-9B42-D11DFE79FF5B}.Debug|Any CPU.ActiveCfg = Debug|Any CPU
		{A8B12307-6E42-471F-9B42-D11DFE79FF5B}.Debug|Any CPU.Build.0 = Debug|Any CPU
		{A8B12307-6E42-471F-9B42-D11DFE79FF5B}.Debug|x64.ActiveCfg = Debug|Any CPU
		{A8B12307-6E42-471F-9B42-D11DFE79FF5B}.Debug|x64.Build.0 = Debug|Any CPU
		{A8B12307-6E42-471F-9B42-D11DFE79FF5B}.Debug|x86.ActiveCfg = Debug|Any CPU
		{A8B12307-6E42-471F-9B42-D11DFE79FF5B}.Debug|x86.Build.0 = Debug|Any CPU
		{A8B12307-6E42-471F-9B42-D11DFE79FF5B}.Release|Any CPU.ActiveCfg = Release|Any CPU
		{A8B12307-6E42-471F-9B42-D11DFE79FF5B}.Release|Any CPU.Build.0 = Release|Any CPU
		{A8B12307-6E42-471F-9B42-D11DFE79FF5B}.Release|x64.ActiveCfg = Release|Any CPU
		{A8B12307-6E42-471F-9B42-D11DFE79FF5B}.Release|x64.Build.0 = Release|Any CPU
		{A8B12307-6E42-471F-9B42-D11DFE79FF5B}.Release|x86.ActiveCfg = Release|Any CPU
		{A8B12307-6E42-471F-9B42-D11DFE79FF5B}.Release|x86.Build.0 = Release|Any CPU
		{B7970F28-B3F3-4F94-89E1-69EB6731C672}.Debug|Any CPU.ActiveCfg = Debug|Any CPU
		{B7970F28-B3F3-4F94-89E1-69EB6731C672}.Debug|Any CPU.Build.0 = Debug|Any CPU
		{B7970F28-B3F3-4F94-89E1-69EB6731C672}.Debug|x64.ActiveCfg = Debug|Any CPU
		{B7970F28-B3F3-4F94-89E1-69EB6731C672}.Debug|x64.Build.0 = Debug|Any CPU
		{B7970F28-B3F3-4F94-89E1-69EB6731C672}.Debug|x86.ActiveCfg = Debug|Any CPU
		{B7970F28-B3F3-4F94-89E1-69EB6731C672}.Debug|x86.Build.0 = Debug|Any CPU
		{B7970F28-B3F3-4F94-89E1-69EB6731C672}.Release|Any CPU.ActiveCfg = Release|Any CPU
		{B7970F28-B3F3-4F94-89E1-69EB6731C672}.Release|Any CPU.Build.0 = Release|Any CPU
		{B7970F28-B3F3-4F94-89E1-69EB6731C672}.Release|x64.ActiveCfg = Release|Any CPU
		{B7970F28-B3F3-4F94-89E1-69EB6731C672}.Release|x64.Build.0 = Release|Any CPU
		{B7970F28-B3F3-4F94-89E1-69EB6731C672}.Release|x86.ActiveCfg = Release|Any CPU
		{B7970F28-B3F3-4F94-89E1-69EB6731C672}.Release|x86.Build.0 = Release|Any CPU
		{FC8E39A6-74C9-4211-B86B-6D83531CAC5D}.Debug|Any CPU.ActiveCfg = Debug|Any CPU
		{FC8E39A6-74C9-4211-B86B-6D83531CAC5D}.Debug|Any CPU.Build.0 = Debug|Any CPU
		{FC8E39A6-74C9-4211-B86B-6D83531CAC5D}.Debug|x64.ActiveCfg = Debug|Any CPU
		{FC8E39A6-74C9-4211-B86B-6D83531CAC5D}.Debug|x64.Build.0 = Debug|Any CPU
		{FC8E39A6-74C9-4211-B86B-6D83531CAC5D}.Debug|x86.ActiveCfg = Debug|Any CPU
		{FC8E39A6-74C9-4211-B86B-6D83531CAC5D}.Debug|x86.Build.0 = Debug|Any CPU
		{FC8E39A6-74C9-4211-B86B-6D83531CAC5D}.Release|Any CPU.ActiveCfg = Release|Any CPU
		{FC8E39A6-74C9-4211-B86B-6D83531CAC5D}.Release|Any CPU.Build.0 = Release|Any CPU
		{FC8E39A6-74C9-4211-B86B-6D83531CAC5D}.Release|x64.ActiveCfg = Release|Any CPU
		{FC8E39A6-74C9-4211-B86B-6D83531CAC5D}.Release|x64.Build.0 = Release|Any CPU
		{FC8E39A6-74C9-4211-B86B-6D83531CAC5D}.Release|x86.ActiveCfg = Release|Any CPU
		{FC8E39A6-74C9-4211-B86B-6D83531CAC5D}.Release|x86.Build.0 = Release|Any CPU
	EndGlobalSection
EndGlobal
